
Microsoft Visual Studio Solution File, Format Version 12.00
# Visual Studio Version 16
VisualStudioVersion = 16.0.29318.209
MinimumVisualStudioVersion = 10.0.40219.1
Project("{FAE04EC0-301F-11D3-BF4B-00C04F79EFBC}") = "ExtentionMethod.CMD", "ExtentionMethod.CMD\ExtentionMethod.CMD.csproj", "{B3F01CFE-F6A3-45A8-A8C0-984E15074FAF}"
EndProject
Global
	GlobalSection(SolutionConfigurationPlatforms) = preSolution
		Debug|Any CPU = Debug|Any CPU
		Release|Any CPU = Release|Any CPU
	EndGlobalSection
	GlobalSection(ProjectConfigurationPlatforms) = postSolution
		{B3F01CFE-F6A3-45A8-A8C0-984E15074FAF}.Debug|Any CPU.ActiveCfg = Debug|Any CPU
		{B3F01CFE-F6A3-45A8-A8C0-984E15074FAF}.Debug|Any CPU.Build.0 = Debug|Any CPU
		{B3F01CFE-F6A3-45A8-A8C0-984E15074FAF}.Release|Any CPU.ActiveCfg = Release|Any CPU
		{B3F01CFE-F6A3-45A8-A8C0-984E15074FAF}.Release|Any CPU.Build.0 = Release|Any CPU
	EndGlobalSection
	GlobalSection(SolutionProperties) = preSolution
		HideSolutionNode = FALSE
	EndGlobalSection
	GlobalSection(ExtensibilityGlobals) = postSolution
		SolutionGuid = {DE24B5E8-BD35-4B65-A3C8-7FCC349ADABB}
	EndGlobalSection
EndGlobal
